
Microsoft Visual Studio Solution File, Format Version 12.00
# Visual Studio Version 16
VisualStudioVersion = 16.0.29215.179
MinimumVisualStudioVersion = 10.0.40219.1
Project("{FAE04EC0-301F-11D3-BF4B-00C04F79EFBC}") = "RecordStoreProject", "RecordStoreProject\RecordStoreProject.csproj", "{A4948E0C-B4D2-46CF-B365-9EB1123AB4CA}"
EndProject
Global
	GlobalSection(SolutionConfigurationPlatforms) = preSolution
		Debug|Any CPU = Debug|Any CPU
		Release|Any CPU = Release|Any CPU
	EndGlobalSection
	GlobalSection(ProjectConfigurationPlatforms) = postSolution
		{A4948E0C-B4D2-46CF-B365-9EB1123AB4CA}.Debug|Any CPU.ActiveCfg = Debug|Any CPU
		{A4948E0C-B4D2-46CF-B365-9EB1123AB4CA}.Debug|Any CPU.Build.0 = Debug|Any CPU
		{A4948E0C-B4D2-46CF-B365-9EB1123AB4CA}.Release|Any CPU.ActiveCfg = Release|Any CPU
		{A4948E0C-B4D2-46CF-B365-9EB1123AB4CA}.Release|Any CPU.Build.0 = Release|Any CPU
	EndGlobalSection
	GlobalSection(SolutionProperties) = preSolution
		HideSolutionNode = FALSE
	EndGlobalSection
	GlobalSection(ExtensibilityGlobals) = postSolution
		SolutionGuid = {9D58408A-35FB-4ACB-862A-A69B9716176D}
	EndGlobalSection
EndGlobal
